// !$*UTF8*$!
{
	archiveVersion = 1;
	classes = {
	};
	objectVersion = 77;
	objects = {

/* Begin PBXBuildFile section */
		07F5495A64F4739AD9C2FF26 /* KeychainServiceTests.swift in Sources */ = {isa = PBXBuildFile; fileRef = 95677EADA593C5672A41724F /* KeychainServiceTests.swift */; };
		0EE88995EAE6E68A679CAC2D /* ClaudeAPIServiceTests.swift in Sources */ = {isa = PBXBuildFile; fileRef = B1F1DE0338A4686FD4C100C8 /* ClaudeAPIServiceTests.swift */; };
		290B916E2B2B5EFDD7FDF5AA /* FoodEntry+Extensions.swift in Sources */ = {isa = PBXBuildFile; fileRef = ED91B33328E66BAE1C1F3275 /* FoodEntry+Extensions.swift */; };
		4828B8C55A9A02E96BC9D9F3 /* NotificationSetupView.swift in Sources */ = {isa = PBXBuildFile; fileRef = B35CA8C120E4C459903C709D /* NotificationSetupView.swift */; };
		4E4BCCBB10CA9651150C8954 /* KeychainService.swift in Sources */ = {isa = PBXBuildFile; fileRef = 9E572AD9A251597DA3D6FE9F /* KeychainService.swift */; };
		641C506A9EAAD3F69B117228 /* CoreDataServiceTests.swift in Sources */ = {isa = PBXBuildFile; fileRef = 69D0E1229226421B1AF1B72D /* CoreDataServiceTests.swift */; };
		6625941FBF2412D7259F45C9 /* Theme.swift in Sources */ = {isa = PBXBuildFile; fileRef = 53B8FD5C7B881A94A8A64320 /* Theme.swift */; };
		6CF5C911283BB63CF5763F83 /* CoreDataService.swift in Sources */ = {isa = PBXBuildFile; fileRef = 65DE244F65DB5B0C1D8A498F /* CoreDataService.swift */; };
		7274C0239D36242081E7E9D1 /* OnboardingContainerView.swift in Sources */ = {isa = PBXBuildFile; fileRef = 836CDD5888522BA946ACFBCB /* OnboardingContainerView.swift */; };
		7C987B252FB7AE09BDCE2675 /* HealthKitPermissionView.swift in Sources */ = {isa = PBXBuildFile; fileRef = 49A1D28DFF51655C274CE7D5 /* HealthKitPermissionView.swift */; };
		82A89EE5A02D471CFAFE7A24 /* ClaudeAPIService.swift in Sources */ = {isa = PBXBuildFile; fileRef = 97EBBAE6782B82DEE87F1287 /* ClaudeAPIService.swift */; };
		836B6FB50F32C8EF3B089FB0 /* TrakkApp.swift in Sources */ = {isa = PBXBuildFile; fileRef = DE8658CD4014D57E30CF11DE /* TrakkApp.swift */; };
		91E872E843846A3E2AF2CFAB /* NotificationService.swift in Sources */ = {isa = PBXBuildFile; fileRef = AB1103A3827AA28D1F36C0C4 /* NotificationService.swift */; };
		9CCDB9E502290DC9B471B6CA /* OnboardingViewModel.swift in Sources */ = {isa = PBXBuildFile; fileRef = 685B84681649595AB87B1DD0 /* OnboardingViewModel.swift */; };
		A48A99F054D567A5BF8C2019 /* OpenFoodFactsService.swift in Sources */ = {isa = PBXBuildFile; fileRef = D672FE6332230852029E7DF5 /* OpenFoodFactsService.swift */; };
		A7FFA54C9269B39F9ED05D0E /* HealthKitService.swift in Sources */ = {isa = PBXBuildFile; fileRef = 85F242C200176FE1A22BEACF /* HealthKitService.swift */; };
		B8F5A12D300B681B055CFBAD /* NotificationPreferences+Ext.swift in Sources */ = {isa = PBXBuildFile; fileRef = CA6D7169BDE0BE52685D52A3 /* NotificationPreferences+Ext.swift */; };
		BE5C0E4EC77587DB953D9C27 /* StatsInputView.swift in Sources */ = {isa = PBXBuildFile; fileRef = 8935C255474B00853F82B41E /* StatsInputView.swift */; };
		C2FAB02633F834DE99BC0288 /* OpenFoodFactsServiceTests.swift in Sources */ = {isa = PBXBuildFile; fileRef = 50CDF1CDB0543EF50455FE5E /* OpenFoodFactsServiceTests.swift */; };
		D7A95BB4797DC385582E05E7 /* ChatMessage+Extensions.swift in Sources */ = {isa = PBXBuildFile; fileRef = 2FC21106060371CE615BC01F /* ChatMessage+Extensions.swift */; };
		DA5B45F5D1B176832E371000 /* APIKeyInputView.swift in Sources */ = {isa = PBXBuildFile; fileRef = 5E787D69B740259FA7CE6B26 /* APIKeyInputView.swift */; };
		FBB6AEFBD16C795683010063 /* UserProfile+Extensions.swift in Sources */ = {isa = PBXBuildFile; fileRef = 99704A8697961883B9A8D289 /* UserProfile+Extensions.swift */; };
/* End PBXBuildFile section */

/* Begin PBXContainerItemProxy section */
		F50EAB984028B256328C8E5D /* PBXContainerItemProxy */ = {
			isa = PBXContainerItemProxy;
			containerPortal = 9641C569F9B1D9F5B62930B6 /* Project object */;
			proxyType = 1;
			remoteGlobalIDString = 81C4B4E51B5F7FBA0AFFF90D;
			remoteInfo = Trakk;
		};
/* End PBXContainerItemProxy section */

/* Begin PBXFileReference section */
		25A2F511D5707241B14C454B /* Trakk.app */ = {isa = PBXFileReference; includeInIndex = 0; lastKnownFileType = wrapper.application; path = Trakk.app; sourceTree = BUILT_PRODUCTS_DIR; };
		2FC21106060371CE615BC01F /* ChatMessage+Extensions.swift */ = {isa = PBXFileReference; lastKnownFileType = sourcecode.swift; path = "ChatMessage+Extensions.swift"; sourceTree = "<group>"; };
		37A623F4133559403444BF29 /* TrakkTests.xctest */ = {isa = PBXFileReference; includeInIndex = 0; lastKnownFileType = wrapper.cfbundle; path = TrakkTests.xctest; sourceTree = BUILT_PRODUCTS_DIR; };
		38AA7CE069FA6A781B6FA565 /* Info.plist */ = {isa = PBXFileReference; lastKnownFileType = text.plist; path = Info.plist; sourceTree = "<group>"; };
		49A1D28DFF51655C274CE7D5 /* HealthKitPermissionView.swift */ = {isa = PBXFileReference; lastKnownFileType = sourcecode.swift; path = HealthKitPermissionView.swift; sourceTree = "<group>"; };
		50CDF1CDB0543EF50455FE5E /* OpenFoodFactsServiceTests.swift */ = {isa = PBXFileReference; lastKnownFileType = sourcecode.swift; path = OpenFoodFactsServiceTests.swift; sourceTree = "<group>"; };
		53B8FD5C7B881A94A8A64320 /* Theme.swift */ = {isa = PBXFileReference; lastKnownFileType = sourcecode.swift; path = Theme.swift; sourceTree = "<group>"; };
		5E787D69B740259FA7CE6B26 /* APIKeyInputView.swift */ = {isa = PBXFileReference; lastKnownFileType = sourcecode.swift; path = APIKeyInputView.swift; sourceTree = "<group>"; };
		65DE244F65DB5B0C1D8A498F /* CoreDataService.swift */ = {isa = PBXFileReference; lastKnownFileType = sourcecode.swift; path = CoreDataService.swift; sourceTree = "<group>"; };
		685B84681649595AB87B1DD0 /* OnboardingViewModel.swift */ = {isa = PBXFileReference; lastKnownFileType = sourcecode.swift; path = OnboardingViewModel.swift; sourceTree = "<group>"; };
		69D0E1229226421B1AF1B72D /* CoreDataServiceTests.swift */ = {isa = PBXFileReference; lastKnownFileType = sourcecode.swift; path = CoreDataServiceTests.swift; sourceTree = "<group>"; };
		836CDD5888522BA946ACFBCB /* OnboardingContainerView.swift */ = {isa = PBXFileReference; lastKnownFileType = sourcecode.swift; path = OnboardingContainerView.swift; sourceTree = "<group>"; };
		85F242C200176FE1A22BEACF /* HealthKitService.swift */ = {isa = PBXFileReference; lastKnownFileType = sourcecode.swift; path = HealthKitService.swift; sourceTree = "<group>"; };
		8935C255474B00853F82B41E /* StatsInputView.swift */ = {isa = PBXFileReference; lastKnownFileType = sourcecode.swift; path = StatsInputView.swift; sourceTree = "<group>"; };
		95677EADA593C5672A41724F /* KeychainServiceTests.swift */ = {isa = PBXFileReference; lastKnownFileType = sourcecode.swift; path = KeychainServiceTests.swift; sourceTree = "<group>"; };
		97EBBAE6782B82DEE87F1287 /* ClaudeAPIService.swift */ = {isa = PBXFileReference; lastKnownFileType = sourcecode.swift; path = ClaudeAPIService.swift; sourceTree = "<group>"; };
		99704A8697961883B9A8D289 /* UserProfile+Extensions.swift */ = {isa = PBXFileReference; lastKnownFileType = sourcecode.swift; path = "UserProfile+Extensions.swift"; sourceTree = "<group>"; };
		9E572AD9A251597DA3D6FE9F /* KeychainService.swift */ = {isa = PBXFileReference; lastKnownFileType = sourcecode.swift; path = KeychainService.swift; sourceTree = "<group>"; };
		AB1103A3827AA28D1F36C0C4 /* NotificationService.swift */ = {isa = PBXFileReference; lastKnownFileType = sourcecode.swift; path = NotificationService.swift; sourceTree = "<group>"; };
		B1F1DE0338A4686FD4C100C8 /* ClaudeAPIServiceTests.swift */ = {isa = PBXFileReference; lastKnownFileType = sourcecode.swift; path = ClaudeAPIServiceTests.swift; sourceTree = "<group>"; };
		B35CA8C120E4C459903C709D /* NotificationSetupView.swift */ = {isa = PBXFileReference; lastKnownFileType = sourcecode.swift; path = NotificationSetupView.swift; sourceTree = "<group>"; };
		CA6D7169BDE0BE52685D52A3 /* NotificationPreferences+Ext.swift */ = {isa = PBXFileReference; lastKnownFileType = sourcecode.swift; path = "NotificationPreferences+Ext.swift"; sourceTree = "<group>"; };
		D672FE6332230852029E7DF5 /* OpenFoodFactsService.swift */ = {isa = PBXFileReference; lastKnownFileType = sourcecode.swift; path = OpenFoodFactsService.swift; sourceTree = "<group>"; };
		DE8658CD4014D57E30CF11DE /* TrakkApp.swift */ = {isa = PBXFileReference; lastKnownFileType = sourcecode.swift; path = TrakkApp.swift; sourceTree = "<group>"; };
		ED91B33328E66BAE1C1F3275 /* FoodEntry+Extensions.swift */ = {isa = PBXFileReference; lastKnownFileType = sourcecode.swift; path = "FoodEntry+Extensions.swift"; sourceTree = "<group>"; };
		FA7792A0B728AF26D150684A /* Trakk.entitlements */ = {isa = PBXFileReference; lastKnownFileType = text.plist.entitlements; path = Trakk.entitlements; sourceTree = "<group>"; };
/* End PBXFileReference section */

/* Begin PBXGroup section */
		29871DA0C4EB10EADF930E6B /* Resources */ = {
			isa = PBXGroup;
			children = (
			);
			path = Resources;
			sourceTree = "<group>";
		};
		3E64FD4FB3A7DAE3A0AEDFC1 /* Models */ = {
			isa = PBXGroup;
			children = (
				2FC21106060371CE615BC01F /* ChatMessage+Extensions.swift */,
				ED91B33328E66BAE1C1F3275 /* FoodEntry+Extensions.swift */,
				CA6D7169BDE0BE52685D52A3 /* NotificationPreferences+Ext.swift */,
				99704A8697961883B9A8D289 /* UserProfile+Extensions.swift */,
			);
			path = Models;
			sourceTree = "<group>";
		};
		76783DEFBADD0DB3AA8C29B5 /* TrakkTests */ = {
			isa = PBXGroup;
			children = (
				CF255E4F4E2683479E728997 /* Services */,
			);
			path = TrakkTests;
			sourceTree = "<group>";
		};
		7DC7B792B67202CE5A24C20C /* Services */ = {
			isa = PBXGroup;
			children = (
				97EBBAE6782B82DEE87F1287 /* ClaudeAPIService.swift */,
				65DE244F65DB5B0C1D8A498F /* CoreDataService.swift */,
				85F242C200176FE1A22BEACF /* HealthKitService.swift */,
				9E572AD9A251597DA3D6FE9F /* KeychainService.swift */,
				AB1103A3827AA28D1F36C0C4 /* NotificationService.swift */,
				D672FE6332230852029E7DF5 /* OpenFoodFactsService.swift */,
			);
			path = Services;
			sourceTree = "<group>";
		};
		A5F42169A7F0F85F7A3C04CB /* Trakk */ = {
			isa = PBXGroup;
			children = (
				38AA7CE069FA6A781B6FA565 /* Info.plist */,
				53B8FD5C7B881A94A8A64320 /* Theme.swift */,
				FA7792A0B728AF26D150684A /* Trakk.entitlements */,
				DE8658CD4014D57E30CF11DE /* TrakkApp.swift */,
				3E64FD4FB3A7DAE3A0AEDFC1 /* Models */,
				29871DA0C4EB10EADF930E6B /* Resources */,
				7DC7B792B67202CE5A24C20C /* Services */,
				E2F7CC030D00892ECB7EDED1 /* ViewModels */,
				EF7D8212CC7F1CE8FB1E4820 /* Views */,
			);
			path = Trakk;
			sourceTree = "<group>";
		};
		B90D25073620F2D8DC156970 /* Onboarding */ = {
			isa = PBXGroup;
			children = (
				5E787D69B740259FA7CE6B26 /* APIKeyInputView.swift */,
				49A1D28DFF51655C274CE7D5 /* HealthKitPermissionView.swift */,
				B35CA8C120E4C459903C709D /* NotificationSetupView.swift */,
				836CDD5888522BA946ACFBCB /* OnboardingContainerView.swift */,
				8935C255474B00853F82B41E /* StatsInputView.swift */,
			);
			path = Onboarding;
			sourceTree = "<group>";
		};
		CF255E4F4E2683479E728997 /* Services */ = {
			isa = PBXGroup;
			children = (
				B1F1DE0338A4686FD4C100C8 /* ClaudeAPIServiceTests.swift */,
				69D0E1229226421B1AF1B72D /* CoreDataServiceTests.swift */,
				95677EADA593C5672A41724F /* KeychainServiceTests.swift */,
				50CDF1CDB0543EF50455FE5E /* OpenFoodFactsServiceTests.swift */,
			);
			path = Services;
			sourceTree = "<group>";
		};
		E24CBA96A54F439D748D9C51 /* Products */ = {
			isa = PBXGroup;
			children = (
				25A2F511D5707241B14C454B /* Trakk.app */,
				37A623F4133559403444BF29 /* TrakkTests.xctest */,
			);
			name = Products;
			sourceTree = "<group>";
		};
		E2F7CC030D00892ECB7EDED1 /* ViewModels */ = {
			isa = PBXGroup;
			children = (
				685B84681649595AB87B1DD0 /* OnboardingViewModel.swift */,
			);
			path = ViewModels;
			sourceTree = "<group>";
		};
		E50291E72D46AFEBA76EBA92 = {
			isa = PBXGroup;
			children = (
				A5F42169A7F0F85F7A3C04CB /* Trakk */,
				76783DEFBADD0DB3AA8C29B5 /* TrakkTests */,
				E24CBA96A54F439D748D9C51 /* Products */,
			);
			sourceTree = "<group>";
		};
		EF7D8212CC7F1CE8FB1E4820 /* Views */ = {
			isa = PBXGroup;
			children = (
				B90D25073620F2D8DC156970 /* Onboarding */,
			);
			path = Views;
			sourceTree = "<group>";
		};
/* End PBXGroup section */

/* Begin PBXNativeTarget section */
		77A5E32B40204737F06CF45D /* TrakkTests */ = {
			isa = PBXNativeTarget;
			buildConfigurationList = 5087C108E83AD8F1E9E24C39 /* Build configuration list for PBXNativeTarget "TrakkTests" */;
			buildPhases = (
				88BEEE7A75454472469565B1 /* Sources */,
			);
			buildRules = (
			);
			dependencies = (
				5EA299289A2C8A65265C8770 /* PBXTargetDependency */,
			);
			name = TrakkTests;
			packageProductDependencies = (
			);
			productName = TrakkTests;
			productReference = 37A623F4133559403444BF29 /* TrakkTests.xctest */;
			productType = "com.apple.product-type.bundle.unit-test";
		};
		81C4B4E51B5F7FBA0AFFF90D /* Trakk */ = {
			isa = PBXNativeTarget;
			buildConfigurationList = DDDDBBEDF0ACF2AAB8796568 /* Build configuration list for PBXNativeTarget "Trakk" */;
			buildPhases = (
				4DD0AA50D942319F642EB371 /* Sources */,
			);
			buildRules = (
			);
			dependencies = (
			);
			name = Trakk;
			packageProductDependencies = (
			);
			productName = Trakk;
			productReference = 25A2F511D5707241B14C454B /* Trakk.app */;
			productType = "com.apple.product-type.application";
		};
/* End PBXNativeTarget section */

/* Begin PBXProject section */
		9641C569F9B1D9F5B62930B6 /* Project object */ = {
			isa = PBXProject;
			attributes = {
				BuildIndependentTargetsInParallel = YES;
				LastUpgradeCheck = 1600;
				TargetAttributes = {
					77A5E32B40204737F06CF45D = {
						DevelopmentTeam = "";
					};
					81C4B4E51B5F7FBA0AFFF90D = {
						DevelopmentTeam = "";
					};
				};
			};
			buildConfigurationList = 380E8F2EDD244E80D992AE35 /* Build configuration list for PBXProject "Trakk" */;
			developmentRegion = en;
			hasScannedForEncodings = 0;
			knownRegions = (
				Base,
				en,
			);
			mainGroup = E50291E72D46AFEBA76EBA92;
			minimizedProjectReferenceProxies = 1;
			preferredProjectObjectVersion = 77;
			productRefGroup = E24CBA96A54F439D748D9C51 /* Products */;
			projectDirPath = "";
			projectRoot = "";
			targets = (
				81C4B4E51B5F7FBA0AFFF90D /* Trakk */,
				77A5E32B40204737F06CF45D /* TrakkTests */,
			);
		};
/* End PBXProject section */

/* Begin PBXSourcesBuildPhase section */
		4DD0AA50D942319F642EB371 /* Sources */ = {
			isa = PBXSourcesBuildPhase;
			buildActionMask = 2147483647;
			files = (
				DA5B45F5D1B176832E371000 /* APIKeyInputView.swift in Sources */,
				D7A95BB4797DC385582E05E7 /* ChatMessage+Extensions.swift in Sources */,
				82A89EE5A02D471CFAFE7A24 /* ClaudeAPIService.swift in Sources */,
				6CF5C911283BB63CF5763F83 /* CoreDataService.swift in Sources */,
				290B916E2B2B5EFDD7FDF5AA /* FoodEntry+Extensions.swift in Sources */,
				7C987B252FB7AE09BDCE2675 /* HealthKitPermissionView.swift in Sources */,
				A7FFA54C9269B39F9ED05D0E /* HealthKitService.swift in Sources */,
				4E4BCCBB10CA9651150C8954 /* KeychainService.swift in Sources */,
				B8F5A12D300B681B055CFBAD /* NotificationPreferences+Ext.swift in Sources */,
				91E872E843846A3E2AF2CFAB /* NotificationService.swift in Sources */,
				4828B8C55A9A02E96BC9D9F3 /* NotificationSetupView.swift in Sources */,
				7274C0239D36242081E7E9D1 /* OnboardingContainerView.swift in Sources */,
				9CCDB9E502290DC9B471B6CA /* OnboardingViewModel.swift in Sources */,
				A48A99F054D567A5BF8C2019 /* OpenFoodFactsService.swift in Sources */,
				BE5C0E4EC77587DB953D9C27 /* StatsInputView.swift in Sources */,
				6625941FBF2412D7259F45C9 /* Theme.swift in Sources */,
				836B6FB50F32C8EF3B089FB0 /* TrakkApp.swift in Sources */,
				FBB6AEFBD16C795683010063 /* UserProfile+Extensions.swift in Sources */,
			);
			runOnlyForDeploymentPostprocessing = 0;
		};
		88BEEE7A75454472469565B1 /* Sources */ = {
			isa = PBXSourcesBuildPhase;
			buildActionMask = 2147483647;
			files = (
				0EE88995EAE6E68A679CAC2D /* ClaudeAPIServiceTests.swift in Sources */,
				641C506A9EAAD3F69B117228 /* CoreDataServiceTests.swift in Sources */,
				07F5495A64F4739AD9C2FF26 /* KeychainServiceTests.swift in Sources */,
				C2FAB02633F834DE99BC0288 /* OpenFoodFactsServiceTests.swift in Sources */,
			);
			runOnlyForDeploymentPostprocessing = 0;
		};
/* End PBXSourcesBuildPhase section */

/* Begin PBXTargetDependency section */
		5EA299289A2C8A65265C8770 /* PBXTargetDependency */ = {
			isa = PBXTargetDependency;
			target = 81C4B4E51B5F7FBA0AFFF90D /* Trakk */;
			targetProxy = F50EAB984028B256328C8E5D /* PBXContainerItemProxy */;
		};
/* End PBXTargetDependency section */

/* Begin XCBuildConfiguration section */
		0E5EB429413702AA1C262DCD /* Debug */ = {
			isa = XCBuildConfiguration;
			buildSettings = {
				ASSETCATALOG_COMPILER_APPICON_NAME = AppIcon;
				CODE_SIGN_ENTITLEMENTS = Trakk/Trakk.entitlements;
				CODE_SIGN_IDENTITY = "iPhone Developer";
				INFOPLIST_FILE = Trakk/Info.plist;
				LD_RUNPATH_SEARCH_PATHS = (
					"$(inherited)",
					"@executable_path/Frameworks",
				);
				PRODUCT_BUNDLE_IDENTIFIER = com.trakk.app;
				SDKROOT = iphoneos;
				TARGETED_DEVICE_FAMILY = "1,2";
			};
			name = Debug;
		};
		1DB4D87BCCC51DEACA45AABA /* Release */ = {
			isa = XCBuildConfiguration;
			buildSettings = {
				ALWAYS_SEARCH_USER_PATHS = NO;
				CLANG_ANALYZER_NONNULL = YES;
				CLANG_ANALYZER_NUMBER_OBJECT_CONVERSION = YES_AGGRESSIVE;
				CLANG_CXX_LANGUAGE_STANDARD = "gnu++14";
				CLANG_CXX_LIBRARY = "libc++";
				CLANG_ENABLE_MODULES = YES;
				CLANG_ENABLE_OBJC_ARC = YES;
				CLANG_ENABLE_OBJC_WEAK = YES;
				CLANG_WARN_BLOCK_CAPTURE_AUTORELEASING = YES;
				CLANG_WARN_BOOL_CONVERSION = YES;
				CLANG_WARN_COMMA = YES;
				CLANG_WARN_CONSTANT_CONVERSION = YES;
				CLANG_WARN_DEPRECATED_OBJC_IMPLEMENTATIONS = YES;
				CLANG_WARN_DIRECT_OBJC_ISA_USAGE = YES_ERROR;
				CLANG_WARN_DOCUMENTATION_COMMENTS = YES;
				CLANG_WARN_EMPTY_BODY = YES;
				CLANG_WARN_ENUM_CONVERSION = YES;
				CLANG_WARN_INFINITE_RECURSION = YES;
				CLANG_WARN_INT_CONVERSION = YES;
				CLANG_WARN_NON_LITERAL_NULL_CONVERSION = YES;
				CLANG_WARN_OBJC_IMPLICIT_RETAIN_SELF = YES;
				CLANG_WARN_OBJC_LITERAL_CONVERSION = YES;
				CLANG_WARN_OBJC_ROOT_CLASS = YES_ERROR;
				CLANG_WARN_QUOTED_INCLUDE_IN_FRAMEWORK_HEADER = YES;
				CLANG_WARN_RANGE_LOOP_ANALYSIS = YES;
				CLANG_WARN_STRICT_PROTOTYPES = YES;
				CLANG_WARN_SUSPICIOUS_MOVE = YES;
				CLANG_WARN_UNGUARDED_AVAILABILITY = YES_AGGRESSIVE;
				CLANG_WARN_UNREACHABLE_CODE = YES;
				CLANG_WARN__DUPLICATE_METHOD_MATCH = YES;
				COPY_PHASE_STRIP = NO;
				DEBUG_INFORMATION_FORMAT = "dwarf-with-dsym";
				DEVELOPMENT_TEAM = "";
				ENABLE_NS_ASSERTIONS = NO;
				ENABLE_STRICT_OBJC_MSGSEND = YES;
				GCC_C_LANGUAGE_STANDARD = gnu11;
				GCC_NO_COMMON_BLOCKS = YES;
				GCC_WARN_64_TO_32_BIT_CONVERSION = YES;
				GCC_WARN_ABOUT_RETURN_TYPE = YES_ERROR;
				GCC_WARN_UNDECLARED_SELECTOR = YES;
				GCC_WARN_UNINITIALIZED_AUTOS = YES_AGGRESSIVE;
				GCC_WARN_UNUSED_FUNCTION = YES;
				GCC_WARN_UNUSED_VARIABLE = YES;
				IPHONEOS_DEPLOYMENT_TARGET = 17.0;
				MTL_ENABLE_DEBUG_INFO = NO;
				MTL_FAST_MATH = YES;
				PRODUCT_NAME = "$(TARGET_NAME)";
				SDKROOT = iphoneos;
				SWIFT_COMPILATION_MODE = wholemodule;
				SWIFT_OPTIMIZATION_LEVEL = "-O";
				SWIFT_VERSION = 6.0;
			};
			name = Release;
		};
		36802BB02001781C656EEC74 /* Debug */ = {
			isa = XCBuildConfiguration;
			buildSettings = {
				BUNDLE_LOADER = "$(TEST_HOST)";
				GENERATE_INFOPLIST_FILE = YES;
				LD_RUNPATH_SEARCH_PATHS = (
					"$(inherited)",
					"@executable_path/Frameworks",
					"@loader_path/Frameworks",
				);
				PRODUCT_BUNDLE_IDENTIFIER = com.trakk.app.tests;
				SDKROOT = iphoneos;
				TARGETED_DEVICE_FAMILY = "1,2";
				TEST_HOST = "$(BUILT_PRODUCTS_DIR)/Trakk.app/Trakk";
			};
			name = Debug;
		};
		413F09BE9B76AE05DFCC39AF /* Release */ = {
			isa = XCBuildConfiguration;
			buildSettings = {
				BUNDLE_LOADER = "$(TEST_HOST)";
				GENERATE_INFOPLIST_FILE = YES;
				LD_RUNPATH_SEARCH_PATHS = (
					"$(inherited)",
					"@executable_path/Frameworks",
					"@loader_path/Frameworks",
				);
				PRODUCT_BUNDLE_IDENTIFIER = com.trakk.app.tests;
				SDKROOT = iphoneos;
				TARGETED_DEVICE_FAMILY = "1,2";
				TEST_HOST = "$(BUILT_PRODUCTS_DIR)/Trakk.app/Trakk";
			};
			name = Release;
		};
		8D4E327C2FB6F9D61F6C9F92 /* Debug */ = {
			isa = XCBuildConfiguration;
			buildSettings = {
				ALWAYS_SEARCH_USER_PATHS = NO;
				CLANG_ANALYZER_NONNULL = YES;
				CLANG_ANALYZER_NUMBER_OBJECT_CONVERSION = YES_AGGRESSIVE;
				CLANG_CXX_LANGUAGE_STANDARD = "gnu++14";
				CLANG_CXX_LIBRARY = "libc++";
				CLANG_ENABLE_MODULES = YES;
				CLANG_ENABLE_OBJC_ARC = YES;
				CLANG_ENABLE_OBJC_WEAK = YES;
				CLANG_WARN_BLOCK_CAPTURE_AUTORELEASING = YES;
				CLANG_WARN_BOOL_CONVERSION = YES;
				CLANG_WARN_COMMA = YES;
				CLANG_WARN_CONSTANT_CONVERSION = YES;
				CLANG_WARN_DEPRECATED_OBJC_IMPLEMENTATIONS = YES;
				CLANG_WARN_DIRECT_OBJC_ISA_USAGE = YES_ERROR;
				CLANG_WARN_DOCUMENTATION_COMMENTS = YES;
				CLANG_WARN_EMPTY_BODY = YES;
				CLANG_WARN_ENUM_CONVERSION = YES;
				CLANG_WARN_INFINITE_RECURSION = YES;
				CLANG_WARN_INT_CONVERSION = YES;
				CLANG_WARN_NON_LITERAL_NULL_CONVERSION = YES;
				CLANG_WARN_OBJC_IMPLICIT_RETAIN_SELF = YES;
				CLANG_WARN_OBJC_LITERAL_CONVERSION = YES;
				CLANG_WARN_OBJC_ROOT_CLASS = YES_ERROR;
				CLANG_WARN_QUOTED_INCLUDE_IN_FRAMEWORK_HEADER = YES;
				CLANG_WARN_RANGE_LOOP_ANALYSIS = YES;
				CLANG_WARN_STRICT_PROTOTYPES = YES;
				CLANG_WARN_SUSPICIOUS_MOVE = YES;
				CLANG_WARN_UNGUARDED_AVAILABILITY = YES_AGGRESSIVE;
				CLANG_WARN_UNREACHABLE_CODE = YES;
				CLANG_WARN__DUPLICATE_METHOD_MATCH = YES;
				COPY_PHASE_STRIP = NO;
				DEBUG_INFORMATION_FORMAT = dwarf;
				DEVELOPMENT_TEAM = "";
				ENABLE_STRICT_OBJC_MSGSEND = YES;
				ENABLE_TESTABILITY = YES;
				GCC_C_LANGUAGE_STANDARD = gnu11;
				GCC_DYNAMIC_NO_PIC = NO;
				GCC_NO_COMMON_BLOCKS = YES;
				GCC_OPTIMIZATION_LEVEL = 0;
				GCC_PREPROCESSOR_DEFINITIONS = (
					"$(inherited)",
					"DEBUG=1",
				);
				GCC_WARN_64_TO_32_BIT_CONVERSION = YES;
				GCC_WARN_ABOUT_RETURN_TYPE = YES_ERROR;
				GCC_WARN_UNDECLARED_SELECTOR = YES;
				GCC_WARN_UNINITIALIZED_AUTOS = YES_AGGRESSIVE;
				GCC_WARN_UNUSED_FUNCTION = YES;
				GCC_WARN_UNUSED_VARIABLE = YES;
				IPHONEOS_DEPLOYMENT_TARGET = 17.0;
				MTL_ENABLE_DEBUG_INFO = INCLUDE_SOURCE;
				MTL_FAST_MATH = YES;
				ONLY_ACTIVE_ARCH = YES;
				PRODUCT_NAME = "$(TARGET_NAME)";
				SDKROOT = iphoneos;
				SWIFT_ACTIVE_COMPILATION_CONDITIONS = DEBUG;
				SWIFT_OPTIMIZATION_LEVEL = "-Onone";
				SWIFT_VERSION = 6.0;
			};
			name = Debug;
		};
		F84B9E57F15ACEB00C1566DB /* Release */ = {
			isa = XCBuildConfiguration;
			buildSettings = {
				ASSETCATALOG_COMPILER_APPICON_NAME = AppIcon;
				CODE_SIGN_ENTITLEMENTS = Trakk/Trakk.entitlements;
				CODE_SIGN_IDENTITY = "iPhone Developer";
				INFOPLIST_FILE = Trakk/Info.plist;
				LD_RUNPATH_SEARCH_PATHS = (
					"$(inherited)",
					"@executable_path/Frameworks",
				);
				PRODUCT_BUNDLE_IDENTIFIER = com.trakk.app;
				SDKROOT = iphoneos;
				TARGETED_DEVICE_FAMILY = "1,2";
			};
			name = Release;
		};
/* End XCBuildConfiguration section */

/* Begin XCConfigurationList section */
		380E8F2EDD244E80D992AE35 /* Build configuration list for PBXProject "Trakk" */ = {
			isa = XCConfigurationList;
			buildConfigurations = (
				8D4E327C2FB6F9D61F6C9F92 /* Debug */,
				1DB4D87BCCC51DEACA45AABA /* Release */,
			);
			defaultConfigurationIsVisible = 0;
			defaultConfigurationName = Debug;
		};
		5087C108E83AD8F1E9E24C39 /* Build configuration list for PBXNativeTarget "TrakkTests" */ = {
			isa = XCConfigurationList;
			buildConfigurations = (
				36802BB02001781C656EEC74 /* Debug */,
				413F09BE9B76AE05DFCC39AF /* Release */,
			);
			defaultConfigurationIsVisible = 0;
			defaultConfigurationName = Debug;
		};
		DDDDBBEDF0ACF2AAB8796568 /* Build configuration list for PBXNativeTarget "Trakk" */ = {
			isa = XCConfigurationList;
			buildConfigurations = (
				0E5EB429413702AA1C262DCD /* Debug */,
				F84B9E57F15ACEB00C1566DB /* Release */,
			);
			defaultConfigurationIsVisible = 0;
			defaultConfigurationName = Debug;
		};
/* End XCConfigurationList section */
	};
	rootObject = 9641C569F9B1D9F5B62930B6 /* Project object */;
}
